
Microsoft Visual Studio Solution File, Format Version 12.00
Project("{2150E333-8FDC-42A3-9474-1A3956D46DE8}") = "src", "src", "{3781BD39-9DD9-4D21-BCA6-B216A216CAEC}"
EndProject
Project("{2150E333-8FDC-42A3-9474-1A3956D46DE8}") = "BuildingBlocks", "BuildingBlocks", "{B13E96EE-C2FA-4A13-9DFB-0B2385FAACFC}"
EndProject
Project("{2150E333-8FDC-42A3-9474-1A3956D46DE8}") = "Services", "Services", "{013FE1E1-FDDE-46B5-AF02-32D9DA2FB976}"
EndProject
Project("{2150E333-8FDC-42A3-9474-1A3956D46DE8}") = "Web", "Web", "{539A0922-A2A6-4859-8E3B-1E13F697535D}"
EndProject
Project("{2150E333-8FDC-42A3-9474-1A3956D46DE8}") = "MVC", "MVC", "{CFF3C884-2C4C-496F-890B-FE7EDCDBDFF5}"
EndProject
Project("{FAE04EC0-301F-11D3-BF4B-00C04F79EFBC}") = "NSE.WebApp.MVC", "src\Web\MVC\NSE.WebApp.MVC\NSE.WebApp.MVC.csproj", "{C6ADB53C-D7BE-4F87-83C4-23D5748A1E09}"
EndProject
Project("{2150E333-8FDC-42A3-9474-1A3956D46DE8}") = "Identity", "Identity", "{5ECA471F-A7D2-4169-A534-D8B07B151A9D}"
EndProject
Project("{FAE04EC0-301F-11D3-BF4B-00C04F79EFBC}") = "NSE.Identity.API", "src\Services\Identity\NSE.Identity.API\NSE.Identity.API.csproj", "{63A38A68-0F53-4C62-9696-23B7F636D357}"
EndProject
Project("{2150E333-8FDC-42A3-9474-1A3956D46DE8}") = "Core", "Core", "{23626BC7-A7F5-4109-A831-3705AB5B644D}"
EndProject
Project("{FAE04EC0-301F-11D3-BF4B-00C04F79EFBC}") = "NSE.Core", "src\BuildingBlocks\Core\NSE.Core\NSE.Core.csproj", "{8F5B4D94-403D-4F44-9C99-2F77F8BDB772}"
EndProject
Project("{2150E333-8FDC-42A3-9474-1A3956D46DE8}") = "Order", "Order", "{A38FDB2B-FA34-4E1E-9926-BC7B427AA1AD}"
EndProject
Project("{2150E333-8FDC-42A3-9474-1A3956D46DE8}") = "Payment", "Payment", "{253628AB-2BB1-46B0-9674-9C3F01026616}"
EndProject
Project("{2150E333-8FDC-42A3-9474-1A3956D46DE8}") = "Customer", "Customer", "{3A1B6032-FD18-4807-8D24-FF71B5718F6D}"
EndProject
Project("{2150E333-8FDC-42A3-9474-1A3956D46DE8}") = "Catalog", "Catalog", "{F5CC0E79-2499-4F8C-A28D-46F4D80B68AD}"
EndProject
Project("{2150E333-8FDC-42A3-9474-1A3956D46DE8}") = "ShoppingCart", "ShoppingCart", "{379566B6-11DD-403F-B51F-99263278D232}"
EndProject
Project("{FAE04EC0-301F-11D3-BF4B-00C04F79EFBC}") = "NSE.Catalog.API", "src\Services\Catalog\NSE.Catalog.API\NSE.Catalog.API.csproj", "{9AAB894D-4F19-4182-AC89-B2C2050798E6}"
EndProject
Project("{FAE04EC0-301F-11D3-BF4B-00C04F79EFBC}") = "NSE.Customer.API", "src\Services\Customer\NSE.Customer.API\NSE.Customer.API.csproj", "{E4E93169-DB98-4F05-94D9-C1DF01C1C91C}"
EndProject
Project("{FAE04EC0-301F-11D3-BF4B-00C04F79EFBC}") = "NSE.Order.API", "src\Services\Order\NSE.Order.API\NSE.Order.API.csproj", "{A0B8C43D-35C4-47D0-AE9A-EC800BBB2DA7}"
EndProject
Project("{FAE04EC0-301F-11D3-BF4B-00C04F79EFBC}") = "NSE.Payment.API", "src\Services\Payment\NSE.Payment.API\NSE.Payment.API.csproj", "{DF48250F-915C-437F-A4CC-6CFE96650D26}"
EndProject
Project("{FAE04EC0-301F-11D3-BF4B-00C04F79EFBC}") = "NSE.ShoppingCart.API", "src\Services\ShoppingCart\NSE.ShoppingCart.API\NSE.ShoppingCart.API.csproj", "{12044A7D-494C-4E92-AD45-962A74358232}"
EndProject
Global
	GlobalSection(SolutionConfigurationPlatforms) = preSolution
		Debug|Any CPU = Debug|Any CPU
		Release|Any CPU = Release|Any CPU
	EndGlobalSection
	GlobalSection(NestedProjects) = preSolution
		{B13E96EE-C2FA-4A13-9DFB-0B2385FAACFC} = {3781BD39-9DD9-4D21-BCA6-B216A216CAEC}
		{013FE1E1-FDDE-46B5-AF02-32D9DA2FB976} = {3781BD39-9DD9-4D21-BCA6-B216A216CAEC}
		{539A0922-A2A6-4859-8E3B-1E13F697535D} = {3781BD39-9DD9-4D21-BCA6-B216A216CAEC}
		{CFF3C884-2C4C-496F-890B-FE7EDCDBDFF5} = {539A0922-A2A6-4859-8E3B-1E13F697535D}
		{C6ADB53C-D7BE-4F87-83C4-23D5748A1E09} = {CFF3C884-2C4C-496F-890B-FE7EDCDBDFF5}
		{5ECA471F-A7D2-4169-A534-D8B07B151A9D} = {013FE1E1-FDDE-46B5-AF02-32D9DA2FB976}
		{63A38A68-0F53-4C62-9696-23B7F636D357} = {5ECA471F-A7D2-4169-A534-D8B07B151A9D}
		{23626BC7-A7F5-4109-A831-3705AB5B644D} = {B13E96EE-C2FA-4A13-9DFB-0B2385FAACFC}
		{8F5B4D94-403D-4F44-9C99-2F77F8BDB772} = {23626BC7-A7F5-4109-A831-3705AB5B644D}
		{A38FDB2B-FA34-4E1E-9926-BC7B427AA1AD} = {013FE1E1-FDDE-46B5-AF02-32D9DA2FB976}
		{253628AB-2BB1-46B0-9674-9C3F01026616} = {013FE1E1-FDDE-46B5-AF02-32D9DA2FB976}
		{3A1B6032-FD18-4807-8D24-FF71B5718F6D} = {013FE1E1-FDDE-46B5-AF02-32D9DA2FB976}
		{F5CC0E79-2499-4F8C-A28D-46F4D80B68AD} = {013FE1E1-FDDE-46B5-AF02-32D9DA2FB976}
		{379566B6-11DD-403F-B51F-99263278D232} = {013FE1E1-FDDE-46B5-AF02-32D9DA2FB976}
		{9AAB894D-4F19-4182-AC89-B2C2050798E6} = {F5CC0E79-2499-4F8C-A28D-46F4D80B68AD}
		{E4E93169-DB98-4F05-94D9-C1DF01C1C91C} = {3A1B6032-FD18-4807-8D24-FF71B5718F6D}
		{A0B8C43D-35C4-47D0-AE9A-EC800BBB2DA7} = {A38FDB2B-FA34-4E1E-9926-BC7B427AA1AD}
		{DF48250F-915C-437F-A4CC-6CFE96650D26} = {253628AB-2BB1-46B0-9674-9C3F01026616}
		{12044A7D-494C-4E92-AD45-962A74358232} = {379566B6-11DD-403F-B51F-99263278D232}
	EndGlobalSection
	GlobalSection(ProjectConfigurationPlatforms) = postSolution
		{C6ADB53C-D7BE-4F87-83C4-23D5748A1E09}.Debug|Any CPU.ActiveCfg = Debug|Any CPU
		{C6ADB53C-D7BE-4F87-83C4-23D5748A1E09}.Debug|Any CPU.Build.0 = Debug|Any CPU
		{C6ADB53C-D7BE-4F87-83C4-23D5748A1E09}.Release|Any CPU.ActiveCfg = Release|Any CPU
		{C6ADB53C-D7BE-4F87-83C4-23D5748A1E09}.Release|Any CPU.Build.0 = Release|Any CPU
		{63A38A68-0F53-4C62-9696-23B7F636D357}.Debug|Any CPU.ActiveCfg = Debug|Any CPU
		{63A38A68-0F53-4C62-9696-23B7F636D357}.Debug|Any CPU.Build.0 = Debug|Any CPU
		{63A38A68-0F53-4C62-9696-23B7F636D357}.Release|Any CPU.ActiveCfg = Release|Any CPU
		{63A38A68-0F53-4C62-9696-23B7F636D357}.Release|Any CPU.Build.0 = Release|Any CPU
		{8F5B4D94-403D-4F44-9C99-2F77F8BDB772}.Debug|Any CPU.ActiveCfg = Debug|Any CPU
		{8F5B4D94-403D-4F44-9C99-2F77F8BDB772}.Debug|Any CPU.Build.0 = Debug|Any CPU
		{8F5B4D94-403D-4F44-9C99-2F77F8BDB772}.Release|Any CPU.ActiveCfg = Release|Any CPU
		{8F5B4D94-403D-4F44-9C99-2F77F8BDB772}.Release|Any CPU.Build.0 = Release|Any CPU
		{9AAB894D-4F19-4182-AC89-B2C2050798E6}.Debug|Any CPU.ActiveCfg = Debug|Any CPU
		{9AAB894D-4F19-4182-AC89-B2C2050798E6}.Debug|Any CPU.Build.0 = Debug|Any CPU
		{9AAB894D-4F19-4182-AC89-B2C2050798E6}.Release|Any CPU.ActiveCfg = Release|Any CPU
		{9AAB894D-4F19-4182-AC89-B2C2050798E6}.Release|Any CPU.Build.0 = Release|Any CPU
		{E4E93169-DB98-4F05-94D9-C1DF01C1C91C}.Debug|Any CPU.ActiveCfg = Debug|Any CPU
		{E4E93169-DB98-4F05-94D9-C1DF01C1C91C}.Debug|Any CPU.Build.0 = Debug|Any CPU
		{E4E93169-DB98-4F05-94D9-C1DF01C1C91C}.Release|Any CPU.ActiveCfg = Release|Any CPU
		{E4E93169-DB98-4F05-94D9-C1DF01C1C91C}.Release|Any CPU.Build.0 = Release|Any CPU
		{A0B8C43D-35C4-47D0-AE9A-EC800BBB2DA7}.Debug|Any CPU.ActiveCfg = Debug|Any CPU
		{A0B8C43D-35C4-47D0-AE9A-EC800BBB2DA7}.Debug|Any CPU.Build.0 = Debug|Any CPU
		{A0B8C43D-35C4-47D0-AE9A-EC800BBB2DA7}.Release|Any CPU.ActiveCfg = Release|Any CPU
		{A0B8C43D-35C4-47D0-AE9A-EC800BBB2DA7}.Release|Any CPU.Build.0 = Release|Any CPU
		{DF48250F-915C-437F-A4CC-6CFE96650D26}.Debug|Any CPU.ActiveCfg = Debug|Any CPU
		{DF48250F-915C-437F-A4CC-6CFE96650D26}.Debug|Any CPU.Build.0 = Debug|Any CPU
		{DF48250F-915C-437F-A4CC-6CFE96650D26}.Release|Any CPU.ActiveCfg = Release|Any CPU
		{DF48250F-915C-437F-A4CC-6CFE96650D26}.Release|Any CPU.Build.0 = Release|Any CPU
		{12044A7D-494C-4E92-AD45-962A74358232}.Debug|Any CPU.ActiveCfg = Debug|Any CPU
		{12044A7D-494C-4E92-AD45-962A74358232}.Debug|Any CPU.Build.0 = Debug|Any CPU
		{12044A7D-494C-4E92-AD45-962A74358232}.Release|Any CPU.ActiveCfg = Release|Any CPU
		{12044A7D-494C-4E92-AD45-962A74358232}.Release|Any CPU.Build.0 = Release|Any CPU
	EndGlobalSection
EndGlobal
